
Microsoft Visual Studio Solution File, Format Version 10.00
# Visual Studio 2008
Project("{FAE04EC0-301F-11D3-BF4B-00C04F79EFBC}") = "Picachu_BG_PRO", "Picachu_BG_PRO\Picachu_BG_PRO.csproj", "{81FCD903-34CA-4E1D-A674-2E468A4B4239}"
EndProject
Global
	GlobalSection(SolutionConfigurationPlatforms) = preSolution
		Debug|x86 = Debug|x86
		Release|x86 = Release|x86
	EndGlobalSection
	GlobalSection(ProjectConfigurationPlatforms) = postSolution
		{81FCD903-34CA-4E1D-A674-2E468A4B4239}.Debug|x86.ActiveCfg = Debug|x86
		{81FCD903-34CA-4E1D-A674-2E468A4B4239}.Debug|x86.Build.0 = Debug|x86
		{81FCD903-34CA-4E1D-A674-2E468A4B4239}.Release|x86.ActiveCfg = Debug|x86
		{81FCD903-34CA-4E1D-A674-2E468A4B4239}.Release|x86.Build.0 = Debug|x86
		{F1093BAF-07A9-48C3-8666-72CF1BDD167D}.Debug|x86.ActiveCfg = Debug|x86
		{F1093BAF-07A9-48C3-8666-72CF1BDD167D}.Release|x86.ActiveCfg = Release|x86
	EndGlobalSection
	GlobalSection(SolutionProperties) = preSolution
		HideSolutionNode = FALSE
	EndGlobalSection
EndGlobal
